PODS:
  - TutorialScrollViewController (0.1.0)

DEPENDENCIES:
  - TutorialScrollViewController (from `../`)

EXTERNAL SOURCES:
  TutorialScrollViewController:
    :path: "../"

SPEC CHECKSUMS:
  TutorialScrollViewController: 0914ff91b1112d24bfc8d1e64ffa714fd2e4614f

PODFILE CHECKSUM: 2e9d8aa2b1dd66e1e7c29f2f32975cfa1bed6b80

COCOAPODS: 1.0.0.beta.2
